<?xml version="1.0" encoding="utf-8"?>
<Project ToolsVersion="4.0" xmlns="http://schemas.microsoft.com/developer/msbuild/2003">
  <ItemGroup>
    <Filter Include="Application">
      <UniqueIdentifier>{477fde34-2426-44a3-84ad-aff8ce231674}</UniqueIdentifier>
    </Filter>
    <Filter Include="Application\Helpers">
      <UniqueIdentifier>{b52ca770-0975-436a-ab39-a6693c470b15}</UniqueIdentifier>
    </Filter>
    <Filter Include="Application\Forms">
      <UniqueIdentifier>{394e1fd2-7237-4094-9c81-a9cabed75341}</UniqueIdentifier>
    </Filter>
    <Filter Include="Application\Forms\Config">
      <UniqueIdentifier>{f274f331-4259-4303-9de2-2057fd1b2390}</UniqueIdentifier>
    </Filter>
    <Filter Include="Application\Forms\Handler">
      <UniqueIdentifier>{ce09a0ce-7693-442e-906a-14ecc36b117c}</UniqueIdentifier>
    </Filter>
    <Filter Include="Application\Helpers\Convert">
      <UniqueIdentifier>{d555911b-38b8-4a31-b151-e59a6b72f6c5}</UniqueIdentifier>
    </Filter>
    <Filter Include="Application\Helpers\Debug">
      <UniqueIdentifier>{85bb062f-2be5-44bb-8413-0a4bc5556385}</UniqueIdentifier>
    </Filter>
    <Filter Include="Application\Forms\Input">
      <UniqueIdentifier>{fc1fed7b-fe72-4cf3-a271-f647a53ded76}</UniqueIdentifier>
    </Filter>
    <Filter Include="Application\Resources">
      <UniqueIdentifier>{b633601d-9a2a-4246-b424-1cc0fbfa161e}</UniqueIdentifier>
    </Filter>
    <Filter Include="Application\Antidbg">
      <UniqueIdentifier>{89609228-a6b9-41f2-b724-efc4089ccd24}</UniqueIdentifier>
    </Filter>
  </ItemGroup>
  <ItemGroup>
    <ClCompile Include="config.cpp">
      <Filter>Application\Forms\Config</Filter>
    </ClCompile>
    <ClCompile Include="handler.cpp">
      <Filter>Application\Forms\Handler</Filter>
    </ClCompile>
    <ClCompile Include="convert.cpp">
      <Filter>Application\Helpers\Convert</Filter>
    </ClCompile>
    <ClCompile Include="..\Global Dependencies\debug.cpp">
      <Filter>Application\Helpers\Debug</Filter>
    </ClCompile>
    <ClCompile Include="input.cpp">
      <Filter>Application\Forms\Input</Filter>
    </ClCompile>
    <ClCompile Include="main.cpp">
      <Filter>Application</Filter>
    </ClCompile>
    <ClCompile Include="antidbg\AntiDBG.cpp">
      <Filter>Application\Antidbg</Filter>
    </ClCompile>
  </ItemGroup>
  <ItemGroup>
    <ClInclude Include="header.h">
      <Filter>Application</Filter>
    </ClInclude>
    <ClInclude Include="config.h">
      <Filter>Application\Forms\Config</Filter>
    </ClInclude>
    <ClInclude Include="handler.h">
      <Filter>Application\Forms\Handler</Filter>
    </ClInclude>
    <ClInclude Include="convert.h">
      <Filter>Application\Helpers\Convert</Filter>
    </ClInclude>
    <ClInclude Include="..\Global Dependencies\debug.h">
      <Filter>Application\Helpers\Debug</Filter>
    </ClInclude>
    <ClInclude Include="input.h">
      <Filter>Application\Forms\Input</Filter>
    </ClInclude>
    <ClInclude Include="App.h">
      <Filter>Application</Filter>
    </ClInclude>
    <ClInclude Include="resource.h">
      <Filter>Application\Resources</Filter>
    </ClInclude>
    <ClInclude Include="antidbg\antidbg.h">
      <Filter>Application\Antidbg</Filter>
    </ClInclude>
  </ItemGroup>
  <ItemGroup>
    <ResourceCompile Include="App.rc">
      <Filter>Application\Resources</Filter>
    </ResourceCompile>
  </ItemGroup>
  <ItemGroup>
    <Image Include="..\Global Dependencies\icon.ico">
      <Filter>Application\Resources</Filter>
    </Image>
  </ItemGroup>
  <ItemGroup>
    <CustomBuild Include="antidbg\AntiDBG.asm">
      <Filter>Application\Antidbg</Filter>
    </CustomBuild>
  </ItemGroup>
</Project>